
Microsoft Visual Studio Solution File, Format Version 12.00
# Visual Studio Version 16
VisualStudioVersion = 16.0.32126.315
MinimumVisualStudioVersion = 10.0.40219.1
Project("{FAE04EC0-301F-11D3-BF4B-00C04F79EFBC}") = "Ex02", "Ex02\Ex02.csproj", "{54E0490A-E791-49B5-BA2B-C226C9E18E6E}"
EndProject
Global
	GlobalSection(SolutionConfigurationPlatforms) = preSolution
		Debug|Any CPU = Debug|Any CPU
		Release|Any CPU = Release|Any CPU
	EndGlobalSection
	GlobalSection(ProjectConfigurationPlatforms) = postSolution
		{54E0490A-E791-49B5-BA2B-C226C9E18E6E}.Debug|Any CPU.ActiveCfg = Debug|Any CPU
		{54E0490A-E791-49B5-BA2B-C226C9E18E6E}.Debug|Any CPU.Build.0 = Debug|Any CPU
		{54E0490A-E791-49B5-BA2B-C226C9E18E6E}.Release|Any CPU.ActiveCfg = Release|Any CPU
		{54E0490A-E791-49B5-BA2B-C226C9E18E6E}.Release|Any CPU.Build.0 = Release|Any CPU
	EndGlobalSection
	GlobalSection(SolutionProperties) = preSolution
		HideSolutionNode = FALSE
	EndGlobalSection
	GlobalSection(ExtensibilityGlobals) = postSolution
		SolutionGuid = {45F8324A-F180-404D-A7E9-995C243F6577}
	EndGlobalSection
EndGlobal
